
Microsoft Visual Studio Solution File, Format Version 12.00
# Visual Studio 15
VisualStudioVersion = 15.0.27130.2024
MinimumVisualStudioVersion = 10.0.40219.1
Project("{FAE04EC0-301F-11D3-BF4B-00C04F79EFBC}") = "Facebook", "Facebook\Facebook.csproj", "{53403A3C-3418-415F-BEC7-B082ABD24B9E}"
EndProject
Global
	GlobalSection(SolutionConfigurationPlatforms) = preSolution
		Debug|Any CPU = Debug|Any CPU
		Release|Any CPU = Release|Any CPU
	EndGlobalSection
	GlobalSection(ProjectConfigurationPlatforms) = postSolution
		{53403A3C-3418-415F-BEC7-B082ABD24B9E}.Debug|Any CPU.ActiveCfg = Debug|Any CPU
		{53403A3C-3418-415F-BEC7-B082ABD24B9E}.Debug|Any CPU.Build.0 = Debug|Any CPU
		{53403A3C-3418-415F-BEC7-B082ABD24B9E}.Release|Any CPU.ActiveCfg = Release|Any CPU
		{53403A3C-3418-415F-BEC7-B082ABD24B9E}.Release|Any CPU.Build.0 = Release|Any CPU
	EndGlobalSection
	GlobalSection(SolutionProperties) = preSolution
		HideSolutionNode = FALSE
	EndGlobalSection
	GlobalSection(ExtensibilityGlobals) = postSolution
		SolutionGuid = {2E8DDE6B-9134-40DA-A9DB-B74F42939EBA}
	EndGlobalSection
EndGlobal
